Microsoft Visual Studio Solution File, Format Version 12.00
# Visual Studio 15
VisualStudioVersion = 15.0.27703.2042
MinimumVisualStudioVersion = 10.0.40219.1
Project("{FAE04EC0-301F-11D3-BF4B-00C04F79EFBC}") = "JAZUG.Sample.Core", "JAZUG.Sample.Core\JAZUG.Sample.Core.csproj", "{1AF12743-40B2-4E91-B6DB-5D006E6AC861}"
EndProject
Project("{FAE04EC0-301F-11D3-BF4B-00C04F79EFBC}") = "JAZUG.Sample.Mac", "JAZUG.Sample.Mac\JAZUG.Sample.Mac.csproj", "{645E4900-3B6D-433C-9A3B-2CA40D855B32}"
EndProject
Project("{FAE04EC0-301F-11D3-BF4B-00C04F79EFBC}") = "JAZUG.Sample.Wpf", "JAZUG.Sample.Wpf\JAZUG.Sample.Wpf.csproj", "{8809910D-3F87-457C-945F-34B6418C2DF0}"
EndProject
Project("{FAE04EC0-301F-11D3-BF4B-00C04F79EFBC}") = "JAZUG.Sample.Gtk", "JAZUG.Sample.Gtk\JAZUG.Sample.Gtk.csproj", "{82E16915-F733-43D6-8FEA-72EAC573B802}"
EndProject
Global
	GlobalSection(SolutionConfigurationPlatforms) = preSolution
		Debug|Any CPU = Debug|Any CPU
		Release|Any CPU = Release|Any CPU
	EndGlobalSection
	GlobalSection(ProjectConfigurationPlatforms) = postSolution
		{1AF12743-40B2-4E91-B6DB-5D006E6AC861}.Debug|Any CPU.ActiveCfg = Debug|Any CPU
		{1AF12743-40B2-4E91-B6DB-5D006E6AC861}.Debug|Any CPU.Build.0 = Debug|Any CPU
		{1AF12743-40B2-4E91-B6DB-5D006E6AC861}.Release|Any CPU.ActiveCfg = Release|Any CPU
		{1AF12743-40B2-4E91-B6DB-5D006E6AC861}.Release|Any CPU.Build.0 = Release|Any CPU
		{645E4900-3B6D-433C-9A3B-2CA40D855B32}.Debug|Any CPU.ActiveCfg = Debug|Any CPU
		{645E4900-3B6D-433C-9A3B-2CA40D855B32}.Debug|Any CPU.Build.0 = Debug|Any CPU
		{645E4900-3B6D-433C-9A3B-2CA40D855B32}.Release|Any CPU.ActiveCfg = Release|Any CPU
		{645E4900-3B6D-433C-9A3B-2CA40D855B32}.Release|Any CPU.Build.0 = Release|Any CPU
		{8809910D-3F87-457C-945F-34B6418C2DF0}.Debug|Any CPU.ActiveCfg = Debug|Any CPU
		{8809910D-3F87-457C-945F-34B6418C2DF0}.Debug|Any CPU.Build.0 = Debug|Any CPU
		{8809910D-3F87-457C-945F-34B6418C2DF0}.Release|Any CPU.ActiveCfg = Release|Any CPU
		{8809910D-3F87-457C-945F-34B6418C2DF0}.Release|Any CPU.Build.0 = Release|Any CPU
		{82E16915-F733-43D6-8FEA-72EAC573B802}.Debug|Any CPU.ActiveCfg = Debug|Any CPU
		{82E16915-F733-43D6-8FEA-72EAC573B802}.Debug|Any CPU.Build.0 = Debug|Any CPU
		{82E16915-F733-43D6-8FEA-72EAC573B802}.Release|Any CPU.ActiveCfg = Release|Any CPU
		{82E16915-F733-43D6-8FEA-72EAC573B802}.Release|Any CPU.Build.0 = Release|Any CPU
	EndGlobalSection
	GlobalSection(SolutionProperties) = preSolution
		HideSolutionNode = FALSE
	EndGlobalSection
	GlobalSection(ExtensibilityGlobals) = postSolution
		SolutionGuid = {69B82BD9-0FB5-434F-9830-F691ADF3DBEF}
	EndGlobalSection
EndGlobal
